
Microsoft Visual Studio Solution File, Format Version 12.00
# Visual Studio Version 16
VisualStudioVersion = 16.0.29920.165
MinimumVisualStudioVersion = 10.0.40219.1
Project("{FAE04EC0-301F-11D3-BF4B-00C04F79EFBC}") = "Novah", "Novah.csproj", "{EF1467AC-94BF-4332-8A71-04B95B47B1FB}"
EndProject
Global
	GlobalSection(SolutionConfigurationPlatforms) = preSolution
		Debug|Any CPU = Debug|Any CPU
		Release|Any CPU = Release|Any CPU
	EndGlobalSection
	GlobalSection(ProjectConfigurationPlatforms) = postSolution
		{EF1467AC-94BF-4332-8A71-04B95B47B1FB}.Debug|Any CPU.ActiveCfg = Debug|Any CPU
		{EF1467AC-94BF-4332-8A71-04B95B47B1FB}.Debug|Any CPU.Build.0 = Debug|Any CPU
		{EF1467AC-94BF-4332-8A71-04B95B47B1FB}.Release|Any CPU.ActiveCfg = Release|Any CPU
		{EF1467AC-94BF-4332-8A71-04B95B47B1FB}.Release|Any CPU.Build.0 = Release|Any CPU
	EndGlobalSection
	GlobalSection(SolutionProperties) = preSolution
		HideSolutionNode = FALSE
	EndGlobalSection
	GlobalSection(ExtensibilityGlobals) = postSolution
		SolutionGuid = {08844EB9-B89E-4DDD-89BE-FFE13C2F6230}
	EndGlobalSection
EndGlobal
